
Microsoft Visual Studio Solution File, Format Version 12.00
# Visual Studio 15
VisualStudioVersion = 15.0.27130.2024
MinimumVisualStudioVersion = 10.0.40219.1
Project("{9A19103F-16F7-4668-BE54-9A1E7A4F7556}") = "Palindrome", "Palindrome\Palindrome.csproj", "{AC3CA275-925F-4A38-839D-EEA42EFB5435}"
EndProject
Project("{FAE04EC0-301F-11D3-BF4B-00C04F79EFBC}") = "Palindrome.Tests", "Palindrome.Tests\Palindrome.Tests.csproj", "{3363CF4B-1F16-4002-8468-67228EFDEA5E}"
EndProject
Global
	GlobalSection(SolutionConfigurationPlatforms) = preSolution
		Debug|Any CPU = Debug|Any CPU
		Release|Any CPU = Release|Any CPU
	EndGlobalSection
	GlobalSection(ProjectConfigurationPlatforms) = postSolution
		{AC3CA275-925F-4A38-839D-EEA42EFB5435}.Debug|Any CPU.ActiveCfg = Debug|Any CPU
		{AC3CA275-925F-4A38-839D-EEA42EFB5435}.Debug|Any CPU.Build.0 = Debug|Any CPU
		{AC3CA275-925F-4A38-839D-EEA42EFB5435}.Release|Any CPU.ActiveCfg = Release|Any CPU
		{AC3CA275-925F-4A38-839D-EEA42EFB5435}.Release|Any CPU.Build.0 = Release|Any CPU
		{3363CF4B-1F16-4002-8468-67228EFDEA5E}.Debug|Any CPU.ActiveCfg = Debug|Any CPU
		{3363CF4B-1F16-4002-8468-67228EFDEA5E}.Debug|Any CPU.Build.0 = Debug|Any CPU
		{3363CF4B-1F16-4002-8468-67228EFDEA5E}.Release|Any CPU.ActiveCfg = Release|Any CPU
		{3363CF4B-1F16-4002-8468-67228EFDEA5E}.Release|Any CPU.Build.0 = Release|Any CPU
	EndGlobalSection
	GlobalSection(SolutionProperties) = preSolution
		HideSolutionNode = FALSE
	EndGlobalSection
	GlobalSection(ExtensibilityGlobals) = postSolution
		SolutionGuid = {C81405A5-2B48-4946-B7E2-34CC79B67981}
	EndGlobalSection
EndGlobal
